
Microsoft Visual Studio Solution File, Format Version 12.00
# Visual Studio Version 17
VisualStudioVersion = 17.12.35514.174 d17.12
MinimumVisualStudioVersion = 10.0.40219.1
Project("{FAE04EC0-301F-11D3-BF4B-00C04F79EFBC}") = "JoinFS-FS2024", "JoinFS-FS2024.csproj", "{ADB6858F-B575-496B-8EFF-3859E3F855BE}"
EndProject
Global
	GlobalSection(SolutionConfigurationPlatforms) = preSolution
		Debug|Any CPU = Debug|Any CPU
		Release|Any CPU = Release|Any CPU
	EndGlobalSection
	GlobalSection(ProjectConfigurationPlatforms) = postSolution
		{ADB6858F-B575-496B-8EFF-3859E3F855BE}.Debug|Any CPU.ActiveCfg = Debug|Any CPU
		{ADB6858F-B575-496B-8EFF-3859E3F855BE}.Debug|Any CPU.Build.0 = Debug|Any CPU
		{ADB6858F-B575-496B-8EFF-3859E3F855BE}.Release|Any CPU.ActiveCfg = Release|Any CPU
		{ADB6858F-B575-496B-8EFF-3859E3F855BE}.Release|Any CPU.Build.0 = Release|Any CPU
	EndGlobalSection
	GlobalSection(SolutionProperties) = preSolution
		HideSolutionNode = FALSE
	EndGlobalSection
EndGlobal
