
Microsoft Visual Studio Solution File, Format Version 12.00
# Visual Studio Version 17
VisualStudioVersion = 17.0.32126.317
MinimumVisualStudioVersion = 10.0.40219.1
Project("{FAE04EC0-301F-11D3-BF4B-00C04F79EFBC}") = "JoinFS-FS2020", "JoinFS-FS2020.csproj", "{E67B2033-4D3F-4F15-8C5C-B2D3910F8842}"
EndProject
Project("{FAE04EC0-301F-11D3-BF4B-00C04F79EFBC}") = "JoinFS-FSX", "JoinFS-FSX.csproj", "{9E20D839-D2C7-46FC-B6DB-75759C3BAF6D}"
EndProject
Project("{FAE04EC0-301F-11D3-BF4B-00C04F79EFBC}") = "JoinFS-XPLANE", "JoinFS-XPLANE.csproj", "{8755A336-E832-4F7C-92DF-975B80828E6D}"
EndProject
Project("{930C7802-8A8C-48F9-8165-68863BCCD9DD}") = "Setup-FS2020", "FS2020\Setup\Setup-FS2020.wixproj", "{2DC9807F-868C-4B43-8D0F-7655E2E2DCC7}"
EndProject
Project("{930C7802-8A8C-48F9-8165-68863BCCD9DD}") = "Setup-XPLANE", "XPLANE\Setup\Setup-XPLANE.wixproj", "{5C6C1C34-1311-4191-BDD6-BDEB215ED343}"
EndProject
Project("{930C7802-8A8C-48F9-8165-68863BCCD9DD}") = "Setup-FSX", "FSX\Setup\Setup-FSX.wixproj", "{B36DC000-CCEC-4DAD-898C-3E2B42BCFD95}"
EndProject
Project("{FAE04EC0-301F-11D3-BF4B-00C04F79EFBC}") = "JoinFS-P3DV4", "JoinFS-P3DV4.csproj", "{5CFE1806-1C1A-4B9E-AD16-7A07018D7659}"
EndProject
Project("{930C7802-8A8C-48F9-8165-68863BCCD9DD}") = "Setup-P3DV4", "P3DV4\Setup\Setup-P3DV4.wixproj", "{9D7B29CD-8205-48E7-A242-DF37D3AF1139}"
EndProject
Global
	GlobalSection(SolutionConfigurationPlatforms) = preSolution
		Debug FS2020|Any CPU = Debug FS2020|Any CPU
		Debug FS2020|x86 = Debug FS2020|x86
		Debug FSX|Any CPU = Debug FSX|Any CPU
		Debug FSX|x86 = Debug FSX|x86
		Debug P3DV4|Any CPU = Debug P3DV4|Any CPU
		Debug P3DV4|x86 = Debug P3DV4|x86
		Debug XPLANE|Any CPU = Debug XPLANE|Any CPU
		Debug XPLANE|x86 = Debug XPLANE|x86
		Release FS2020|Any CPU = Release FS2020|Any CPU
		Release FS2020|x86 = Release FS2020|x86
		Release FSX|Any CPU = Release FSX|Any CPU
		Release FSX|x86 = Release FSX|x86
		Release P3DV4|Any CPU = Release P3DV4|Any CPU
		Release P3DV4|x86 = Release P3DV4|x86
		Release XPLANE|Any CPU = Release XPLANE|Any CPU
		Release XPLANE|x86 = Release XPLANE|x86
	EndGlobalSection
	GlobalSection(ProjectConfigurationPlatforms) = postSolution
		{E67B2033-4D3F-4F15-8C5C-B2D3910F8842}.Debug FS2020|Any CPU.ActiveCfg = Debug|Any CPU
		{E67B2033-4D3F-4F15-8C5C-B2D3910F8842}.Debug FS2020|Any CPU.Build.0 = Debug|Any CPU
		{E67B2033-4D3F-4F15-8C5C-B2D3910F8842}.Debug FS2020|x86.ActiveCfg = Debug|Any CPU
		{E67B2033-4D3F-4F15-8C5C-B2D3910F8842}.Debug FS2020|x86.Build.0 = Debug|Any CPU
		{E67B2033-4D3F-4F15-8C5C-B2D3910F8842}.Debug FSX|Any CPU.ActiveCfg = Debug|Any CPU
		{E67B2033-4D3F-4F15-8C5C-B2D3910F8842}.Debug FSX|x86.ActiveCfg = Debug|Any CPU
		{E67B2033-4D3F-4F15-8C5C-B2D3910F8842}.Debug FSX|x86.Build.0 = Debug|Any CPU
		{E67B2033-4D3F-4F15-8C5C-B2D3910F8842}.Debug P3DV4|Any CPU.ActiveCfg = Debug|Any CPU
		{E67B2033-4D3F-4F15-8C5C-B2D3910F8842}.Debug P3DV4|x86.ActiveCfg = Debug|Any CPU
		{E67B2033-4D3F-4F15-8C5C-B2D3910F8842}.Debug P3DV4|x86.Build.0 = Debug|Any CPU
		{E67B2033-4D3F-4F15-8C5C-B2D3910F8842}.Debug XPLANE|Any CPU.ActiveCfg = Debug|Any CPU
		{E67B2033-4D3F-4F15-8C5C-B2D3910F8842}.Debug XPLANE|x86.ActiveCfg = Debug|Any CPU
		{E67B2033-4D3F-4F15-8C5C-B2D3910F8842}.Debug XPLANE|x86.Build.0 = Debug|Any CPU
		{E67B2033-4D3F-4F15-8C5C-B2D3910F8842}.Release FS2020|Any CPU.ActiveCfg = Release|Any CPU
		{E67B2033-4D3F-4F15-8C5C-B2D3910F8842}.Release FS2020|Any CPU.Build.0 = Release|Any CPU
		{E67B2033-4D3F-4F15-8C5C-B2D3910F8842}.Release FS2020|x86.ActiveCfg = Release|Any CPU
		{E67B2033-4D3F-4F15-8C5C-B2D3910F8842}.Release FS2020|x86.Build.0 = Release|Any CPU
		{E67B2033-4D3F-4F15-8C5C-B2D3910F8842}.Release FSX|Any CPU.ActiveCfg = Release|Any CPU
		{E67B2033-4D3F-4F15-8C5C-B2D3910F8842}.Release FSX|x86.ActiveCfg = Release|Any CPU
		{E67B2033-4D3F-4F15-8C5C-B2D3910F8842}.Release FSX|x86.Build.0 = Release|Any CPU
		{E67B2033-4D3F-4F15-8C5C-B2D3910F8842}.Release P3DV4|Any CPU.ActiveCfg = Release|Any CPU
		{E67B2033-4D3F-4F15-8C5C-B2D3910F8842}.Release P3DV4|x86.ActiveCfg = Release|Any CPU
		{E67B2033-4D3F-4F15-8C5C-B2D3910F8842}.Release P3DV4|x86.Build.0 = Release|Any CPU
		{E67B2033-4D3F-4F15-8C5C-B2D3910F8842}.Release XPLANE|Any CPU.ActiveCfg = Release|Any CPU
		{E67B2033-4D3F-4F15-8C5C-B2D3910F8842}.Release XPLANE|x86.ActiveCfg = Release|Any CPU
		{E67B2033-4D3F-4F15-8C5C-B2D3910F8842}.Release XPLANE|x86.Build.0 = Release|Any CPU
		{9E20D839-D2C7-46FC-B6DB-75759C3BAF6D}.Debug FS2020|Any CPU.ActiveCfg = Debug|Any CPU
		{9E20D839-D2C7-46FC-B6DB-75759C3BAF6D}.Debug FS2020|x86.ActiveCfg = Debug|Any CPU
		{9E20D839-D2C7-46FC-B6DB-75759C3BAF6D}.Debug FS2020|x86.Build.0 = Debug|Any CPU
		{9E20D839-D2C7-46FC-B6DB-75759C3BAF6D}.Debug FSX|Any CPU.ActiveCfg = Debug|Any CPU
		{9E20D839-D2C7-46FC-B6DB-75759C3BAF6D}.Debug FSX|Any CPU.Build.0 = Debug|Any CPU
		{9E20D839-D2C7-46FC-B6DB-75759C3BAF6D}.Debug FSX|x86.ActiveCfg = Debug|Any CPU
		{9E20D839-D2C7-46FC-B6DB-75759C3BAF6D}.Debug FSX|x86.Build.0 = Debug|Any CPU
		{9E20D839-D2C7-46FC-B6DB-75759C3BAF6D}.Debug P3DV4|Any CPU.ActiveCfg = Debug|Any CPU
		{9E20D839-D2C7-46FC-B6DB-75759C3BAF6D}.Debug P3DV4|x86.ActiveCfg = Debug|Any CPU
		{9E20D839-D2C7-46FC-B6DB-75759C3BAF6D}.Debug P3DV4|x86.Build.0 = Debug|Any CPU
		{9E20D839-D2C7-46FC-B6DB-75759C3BAF6D}.Debug XPLANE|Any CPU.ActiveCfg = Debug|Any CPU
		{9E20D839-D2C7-46FC-B6DB-75759C3BAF6D}.Debug XPLANE|x86.ActiveCfg = Debug|Any CPU
		{9E20D839-D2C7-46FC-B6DB-75759C3BAF6D}.Debug XPLANE|x86.Build.0 = Debug|Any CPU
		{9E20D839-D2C7-46FC-B6DB-75759C3BAF6D}.Release FS2020|Any CPU.ActiveCfg = Release|Any CPU
		{9E20D839-D2C7-46FC-B6DB-75759C3BAF6D}.Release FS2020|x86.ActiveCfg = Release|Any CPU
		{9E20D839-D2C7-46FC-B6DB-75759C3BAF6D}.Release FS2020|x86.Build.0 = Release|Any CPU
		{9E20D839-D2C7-46FC-B6DB-75759C3BAF6D}.Release FSX|Any CPU.ActiveCfg = Release|Any CPU
		{9E20D839-D2C7-46FC-B6DB-75759C3BAF6D}.Release FSX|Any CPU.Build.0 = Release|Any CPU
		{9E20D839-D2C7-46FC-B6DB-75759C3BAF6D}.Release FSX|x86.ActiveCfg = Release|Any CPU
		{9E20D839-D2C7-46FC-B6DB-75759C3BAF6D}.Release FSX|x86.Build.0 = Release|Any CPU
		{9E20D839-D2C7-46FC-B6DB-75759C3BAF6D}.Release P3DV4|Any CPU.ActiveCfg = Release|Any CPU
		{9E20D839-D2C7-46FC-B6DB-75759C3BAF6D}.Release P3DV4|x86.ActiveCfg = Release|Any CPU
		{9E20D839-D2C7-46FC-B6DB-75759C3BAF6D}.Release P3DV4|x86.Build.0 = Release|Any CPU
		{9E20D839-D2C7-46FC-B6DB-75759C3BAF6D}.Release XPLANE|Any CPU.ActiveCfg = Release|Any CPU
		{9E20D839-D2C7-46FC-B6DB-75759C3BAF6D}.Release XPLANE|x86.ActiveCfg = Release|Any CPU
		{9E20D839-D2C7-46FC-B6DB-75759C3BAF6D}.Release XPLANE|x86.Build.0 = Release|Any CPU
		{8755A336-E832-4F7C-92DF-975B80828E6D}.Debug FS2020|Any CPU.ActiveCfg = Debug|Any CPU
		{8755A336-E832-4F7C-92DF-975B80828E6D}.Debug FS2020|x86.ActiveCfg = Debug|Any CPU
		{8755A336-E832-4F7C-92DF-975B80828E6D}.Debug FS2020|x86.Build.0 = Debug|Any CPU
		{8755A336-E832-4F7C-92DF-975B80828E6D}.Debug FSX|Any CPU.ActiveCfg = Debug|Any CPU
		{8755A336-E832-4F7C-92DF-975B80828E6D}.Debug FSX|x86.ActiveCfg = Debug|Any CPU
		{8755A336-E832-4F7C-92DF-975B80828E6D}.Debug FSX|x86.Build.0 = Debug|Any CPU
		{8755A336-E832-4F7C-92DF-975B80828E6D}.Debug P3DV4|Any CPU.ActiveCfg = Debug|Any CPU
		{8755A336-E832-4F7C-92DF-975B80828E6D}.Debug P3DV4|x86.ActiveCfg = Debug|Any CPU
		{8755A336-E832-4F7C-92DF-975B80828E6D}.Debug P3DV4|x86.Build.0 = Debug|Any CPU
		{8755A336-E832-4F7C-92DF-975B80828E6D}.Debug XPLANE|Any CPU.ActiveCfg = Debug|Any CPU
		{8755A336-E832-4F7C-92DF-975B80828E6D}.Debug XPLANE|Any CPU.Build.0 = Debug|Any CPU
		{8755A336-E832-4F7C-92DF-975B80828E6D}.Debug XPLANE|x86.ActiveCfg = Debug|Any CPU
		{8755A336-E832-4F7C-92DF-975B80828E6D}.Debug XPLANE|x86.Build.0 = Debug|Any CPU
		{8755A336-E832-4F7C-92DF-975B80828E6D}.Release FS2020|Any CPU.ActiveCfg = Release|Any CPU
		{8755A336-E832-4F7C-92DF-975B80828E6D}.Release FS2020|x86.ActiveCfg = Release|Any CPU
		{8755A336-E832-4F7C-92DF-975B80828E6D}.Release FS2020|x86.Build.0 = Release|Any CPU
		{8755A336-E832-4F7C-92DF-975B80828E6D}.Release FSX|Any CPU.ActiveCfg = Release|Any CPU
		{8755A336-E832-4F7C-92DF-975B80828E6D}.Release FSX|x86.ActiveCfg = Release|Any CPU
		{8755A336-E832-4F7C-92DF-975B80828E6D}.Release FSX|x86.Build.0 = Release|Any CPU
		{8755A336-E832-4F7C-92DF-975B80828E6D}.Release P3DV4|Any CPU.ActiveCfg = Release|Any CPU
		{8755A336-E832-4F7C-92DF-975B80828E6D}.Release P3DV4|x86.ActiveCfg = Release|Any CPU
		{8755A336-E832-4F7C-92DF-975B80828E6D}.Release P3DV4|x86.Build.0 = Release|Any CPU
		{8755A336-E832-4F7C-92DF-975B80828E6D}.Release XPLANE|Any CPU.ActiveCfg = Release|Any CPU
		{8755A336-E832-4F7C-92DF-975B80828E6D}.Release XPLANE|Any CPU.Build.0 = Release|Any CPU
		{8755A336-E832-4F7C-92DF-975B80828E6D}.Release XPLANE|x86.ActiveCfg = Release|Any CPU
		{8755A336-E832-4F7C-92DF-975B80828E6D}.Release XPLANE|x86.Build.0 = Release|Any CPU
		{2DC9807F-868C-4B43-8D0F-7655E2E2DCC7}.Debug FS2020|Any CPU.ActiveCfg = Release|x86
		{2DC9807F-868C-4B43-8D0F-7655E2E2DCC7}.Debug FS2020|x86.ActiveCfg = Debug|x86
		{2DC9807F-868C-4B43-8D0F-7655E2E2DCC7}.Debug FS2020|x86.Build.0 = Debug|x86
		{2DC9807F-868C-4B43-8D0F-7655E2E2DCC7}.Debug FSX|Any CPU.ActiveCfg = Release|x86
		{2DC9807F-868C-4B43-8D0F-7655E2E2DCC7}.Debug FSX|x86.ActiveCfg = Debug|x86
		{2DC9807F-868C-4B43-8D0F-7655E2E2DCC7}.Debug FSX|x86.Build.0 = Debug|x86
		{2DC9807F-868C-4B43-8D0F-7655E2E2DCC7}.Debug P3DV4|Any CPU.ActiveCfg = Release|x86
		{2DC9807F-868C-4B43-8D0F-7655E2E2DCC7}.Debug P3DV4|x86.ActiveCfg = Debug|x86
		{2DC9807F-868C-4B43-8D0F-7655E2E2DCC7}.Debug P3DV4|x86.Build.0 = Debug|x86
		{2DC9807F-868C-4B43-8D0F-7655E2E2DCC7}.Debug XPLANE|Any CPU.ActiveCfg = Release|x86
		{2DC9807F-868C-4B43-8D0F-7655E2E2DCC7}.Debug XPLANE|x86.ActiveCfg = Debug|x86
		{2DC9807F-868C-4B43-8D0F-7655E2E2DCC7}.Debug XPLANE|x86.Build.0 = Debug|x86
		{2DC9807F-868C-4B43-8D0F-7655E2E2DCC7}.Release FS2020|Any CPU.ActiveCfg = Release|x86
		{2DC9807F-868C-4B43-8D0F-7655E2E2DCC7}.Release FS2020|Any CPU.Build.0 = Release|x86
		{2DC9807F-868C-4B43-8D0F-7655E2E2DCC7}.Release FS2020|x86.ActiveCfg = Release|x86
		{2DC9807F-868C-4B43-8D0F-7655E2E2DCC7}.Release FS2020|x86.Build.0 = Release|x86
		{2DC9807F-868C-4B43-8D0F-7655E2E2DCC7}.Release FSX|Any CPU.ActiveCfg = Release|x86
		{2DC9807F-868C-4B43-8D0F-7655E2E2DCC7}.Release FSX|x86.ActiveCfg = Release|x86
		{2DC9807F-868C-4B43-8D0F-7655E2E2DCC7}.Release FSX|x86.Build.0 = Release|x86
		{2DC9807F-868C-4B43-8D0F-7655E2E2DCC7}.Release P3DV4|Any CPU.ActiveCfg = Release|x86
		{2DC9807F-868C-4B43-8D0F-7655E2E2DCC7}.Release P3DV4|x86.ActiveCfg = Release|x86
		{2DC9807F-868C-4B43-8D0F-7655E2E2DCC7}.Release P3DV4|x86.Build.0 = Release|x86
		{2DC9807F-868C-4B43-8D0F-7655E2E2DCC7}.Release XPLANE|Any CPU.ActiveCfg = Release|x86
		{2DC9807F-868C-4B43-8D0F-7655E2E2DCC7}.Release XPLANE|x86.ActiveCfg = Release|x86
		{2DC9807F-868C-4B43-8D0F-7655E2E2DCC7}.Release XPLANE|x86.Build.0 = Release|x86
		{5C6C1C34-1311-4191-BDD6-BDEB215ED343}.Debug FS2020|Any CPU.ActiveCfg = Release|x86
		{5C6C1C34-1311-4191-BDD6-BDEB215ED343}.Debug FS2020|x86.ActiveCfg = Debug|x86
		{5C6C1C34-1311-4191-BDD6-BDEB215ED343}.Debug FS2020|x86.Build.0 = Debug|x86
		{5C6C1C34-1311-4191-BDD6-BDEB215ED343}.Debug FSX|Any CPU.ActiveCfg = Release|x86
		{5C6C1C34-1311-4191-BDD6-BDEB215ED343}.Debug FSX|x86.ActiveCfg = Debug|x86
		{5C6C1C34-1311-4191-BDD6-BDEB215ED343}.Debug FSX|x86.Build.0 = Debug|x86
		{5C6C1C34-1311-4191-BDD6-BDEB215ED343}.Debug P3DV4|Any CPU.ActiveCfg = Release|x86
		{5C6C1C34-1311-4191-BDD6-BDEB215ED343}.Debug P3DV4|x86.ActiveCfg = Debug|x86
		{5C6C1C34-1311-4191-BDD6-BDEB215ED343}.Debug P3DV4|x86.Build.0 = Debug|x86
		{5C6C1C34-1311-4191-BDD6-BDEB215ED343}.Debug XPLANE|Any CPU.ActiveCfg = Release|x86
		{5C6C1C34-1311-4191-BDD6-BDEB215ED343}.Debug XPLANE|x86.ActiveCfg = Debug|x86
		{5C6C1C34-1311-4191-BDD6-BDEB215ED343}.Debug XPLANE|x86.Build.0 = Debug|x86
		{5C6C1C34-1311-4191-BDD6-BDEB215ED343}.Release FS2020|Any CPU.ActiveCfg = Release|x86
		{5C6C1C34-1311-4191-BDD6-BDEB215ED343}.Release FS2020|x86.ActiveCfg = Release|x86
		{5C6C1C34-1311-4191-BDD6-BDEB215ED343}.Release FS2020|x86.Build.0 = Release|x86
		{5C6C1C34-1311-4191-BDD6-BDEB215ED343}.Release FSX|Any CPU.ActiveCfg = Release|x86
		{5C6C1C34-1311-4191-BDD6-BDEB215ED343}.Release FSX|x86.ActiveCfg = Release|x86
		{5C6C1C34-1311-4191-BDD6-BDEB215ED343}.Release FSX|x86.Build.0 = Release|x86
		{5C6C1C34-1311-4191-BDD6-BDEB215ED343}.Release P3DV4|Any CPU.ActiveCfg = Release|x86
		{5C6C1C34-1311-4191-BDD6-BDEB215ED343}.Release P3DV4|x86.ActiveCfg = Release|x86
		{5C6C1C34-1311-4191-BDD6-BDEB215ED343}.Release P3DV4|x86.Build.0 = Release|x86
		{5C6C1C34-1311-4191-BDD6-BDEB215ED343}.Release XPLANE|Any CPU.ActiveCfg = Release|x86
		{5C6C1C34-1311-4191-BDD6-BDEB215ED343}.Release XPLANE|Any CPU.Build.0 = Release|x86
		{5C6C1C34-1311-4191-BDD6-BDEB215ED343}.Release XPLANE|x86.ActiveCfg = Release|x86
		{5C6C1C34-1311-4191-BDD6-BDEB215ED343}.Release XPLANE|x86.Build.0 = Release|x86
		{B36DC000-CCEC-4DAD-898C-3E2B42BCFD95}.Debug FS2020|Any CPU.ActiveCfg = Release|x86
		{B36DC000-CCEC-4DAD-898C-3E2B42BCFD95}.Debug FS2020|x86.ActiveCfg = Debug|x86
		{B36DC000-CCEC-4DAD-898C-3E2B42BCFD95}.Debug FS2020|x86.Build.0 = Debug|x86
		{B36DC000-CCEC-4DAD-898C-3E2B42BCFD95}.Debug FSX|Any CPU.ActiveCfg = Release|x86
		{B36DC000-CCEC-4DAD-898C-3E2B42BCFD95}.Debug FSX|x86.ActiveCfg = Debug|x86
		{B36DC000-CCEC-4DAD-898C-3E2B42BCFD95}.Debug FSX|x86.Build.0 = Debug|x86
		{B36DC000-CCEC-4DAD-898C-3E2B42BCFD95}.Debug P3DV4|Any CPU.ActiveCfg = Release|x86
		{B36DC000-CCEC-4DAD-898C-3E2B42BCFD95}.Debug P3DV4|x86.ActiveCfg = Debug|x86
		{B36DC000-CCEC-4DAD-898C-3E2B42BCFD95}.Debug P3DV4|x86.Build.0 = Debug|x86
		{B36DC000-CCEC-4DAD-898C-3E2B42BCFD95}.Debug XPLANE|Any CPU.ActiveCfg = Release|x86
		{B36DC000-CCEC-4DAD-898C-3E2B42BCFD95}.Debug XPLANE|x86.ActiveCfg = Debug|x86
		{B36DC000-CCEC-4DAD-898C-3E2B42BCFD95}.Debug XPLANE|x86.Build.0 = Debug|x86
		{B36DC000-CCEC-4DAD-898C-3E2B42BCFD95}.Release FS2020|Any CPU.ActiveCfg = Release|x86
		{B36DC000-CCEC-4DAD-898C-3E2B42BCFD95}.Release FS2020|x86.ActiveCfg = Release|x86
		{B36DC000-CCEC-4DAD-898C-3E2B42BCFD95}.Release FS2020|x86.Build.0 = Release|x86
		{B36DC000-CCEC-4DAD-898C-3E2B42BCFD95}.Release FSX|Any CPU.ActiveCfg = Release|x86
		{B36DC000-CCEC-4DAD-898C-3E2B42BCFD95}.Release FSX|Any CPU.Build.0 = Release|x86
		{B36DC000-CCEC-4DAD-898C-3E2B42BCFD95}.Release FSX|x86.ActiveCfg = Release|x86
		{B36DC000-CCEC-4DAD-898C-3E2B42BCFD95}.Release FSX|x86.Build.0 = Release|x86
		{B36DC000-CCEC-4DAD-898C-3E2B42BCFD95}.Release P3DV4|Any CPU.ActiveCfg = Release|x86
		{B36DC000-CCEC-4DAD-898C-3E2B42BCFD95}.Release P3DV4|x86.ActiveCfg = Release|x86
		{B36DC000-CCEC-4DAD-898C-3E2B42BCFD95}.Release P3DV4|x86.Build.0 = Release|x86
		{B36DC000-CCEC-4DAD-898C-3E2B42BCFD95}.Release XPLANE|Any CPU.ActiveCfg = Release|x86
		{B36DC000-CCEC-4DAD-898C-3E2B42BCFD95}.Release XPLANE|x86.ActiveCfg = Release|x86
		{B36DC000-CCEC-4DAD-898C-3E2B42BCFD95}.Release XPLANE|x86.Build.0 = Release|x86
		{5CFE1806-1C1A-4B9E-AD16-7A07018D7659}.Debug FS2020|Any CPU.ActiveCfg = Debug|Any CPU
		{5CFE1806-1C1A-4B9E-AD16-7A07018D7659}.Debug FS2020|x86.ActiveCfg = Debug|Any CPU
		{5CFE1806-1C1A-4B9E-AD16-7A07018D7659}.Debug FS2020|x86.Build.0 = Debug|Any CPU
		{5CFE1806-1C1A-4B9E-AD16-7A07018D7659}.Debug FSX|Any CPU.ActiveCfg = Debug|Any CPU
		{5CFE1806-1C1A-4B9E-AD16-7A07018D7659}.Debug FSX|x86.ActiveCfg = Debug|Any CPU
		{5CFE1806-1C1A-4B9E-AD16-7A07018D7659}.Debug FSX|x86.Build.0 = Debug|Any CPU
		{5CFE1806-1C1A-4B9E-AD16-7A07018D7659}.Debug P3DV4|Any CPU.ActiveCfg = Debug|Any CPU
		{5CFE1806-1C1A-4B9E-AD16-7A07018D7659}.Debug P3DV4|Any CPU.Build.0 = Debug|Any CPU
		{5CFE1806-1C1A-4B9E-AD16-7A07018D7659}.Debug P3DV4|x86.ActiveCfg = Debug|Any CPU
		{5CFE1806-1C1A-4B9E-AD16-7A07018D7659}.Debug P3DV4|x86.Build.0 = Debug|Any CPU
		{5CFE1806-1C1A-4B9E-AD16-7A07018D7659}.Debug XPLANE|Any CPU.ActiveCfg = Debug|Any CPU
		{5CFE1806-1C1A-4B9E-AD16-7A07018D7659}.Debug XPLANE|x86.ActiveCfg = Debug|Any CPU
		{5CFE1806-1C1A-4B9E-AD16-7A07018D7659}.Debug XPLANE|x86.Build.0 = Debug|Any CPU
		{5CFE1806-1C1A-4B9E-AD16-7A07018D7659}.Release FS2020|Any CPU.ActiveCfg = Release|Any CPU
		{5CFE1806-1C1A-4B9E-AD16-7A07018D7659}.Release FS2020|x86.ActiveCfg = Release|Any CPU
		{5CFE1806-1C1A-4B9E-AD16-7A07018D7659}.Release FS2020|x86.Build.0 = Release|Any CPU
		{5CFE1806-1C1A-4B9E-AD16-7A07018D7659}.Release FSX|Any CPU.ActiveCfg = Release|Any CPU
		{5CFE1806-1C1A-4B9E-AD16-7A07018D7659}.Release FSX|x86.ActiveCfg = Release|Any CPU
		{5CFE1806-1C1A-4B9E-AD16-7A07018D7659}.Release FSX|x86.Build.0 = Release|Any CPU
		{5CFE1806-1C1A-4B9E-AD16-7A07018D7659}.Release P3DV4|Any CPU.ActiveCfg = Release|Any CPU
		{5CFE1806-1C1A-4B9E-AD16-7A07018D7659}.Release P3DV4|Any CPU.Build.0 = Release|Any CPU
		{5CFE1806-1C1A-4B9E-AD16-7A07018D7659}.Release P3DV4|x86.ActiveCfg = Release|Any CPU
		{5CFE1806-1C1A-4B9E-AD16-7A07018D7659}.Release P3DV4|x86.Build.0 = Release|Any CPU
		{5CFE1806-1C1A-4B9E-AD16-7A07018D7659}.Release XPLANE|Any CPU.ActiveCfg = Release|Any CPU
		{5CFE1806-1C1A-4B9E-AD16-7A07018D7659}.Release XPLANE|x86.ActiveCfg = Release|Any CPU
		{5CFE1806-1C1A-4B9E-AD16-7A07018D7659}.Release XPLANE|x86.Build.0 = Release|Any CPU
		{9D7B29CD-8205-48E7-A242-DF37D3AF1139}.Debug FS2020|Any CPU.ActiveCfg = Release|x86
		{9D7B29CD-8205-48E7-A242-DF37D3AF1139}.Debug FS2020|x86.ActiveCfg = Debug|x86
		{9D7B29CD-8205-48E7-A242-DF37D3AF1139}.Debug FS2020|x86.Build.0 = Debug|x86
		{9D7B29CD-8205-48E7-A242-DF37D3AF1139}.Debug FSX|Any CPU.ActiveCfg = Release|x86
		{9D7B29CD-8205-48E7-A242-DF37D3AF1139}.Debug FSX|x86.ActiveCfg = Debug|x86
		{9D7B29CD-8205-48E7-A242-DF37D3AF1139}.Debug FSX|x86.Build.0 = Debug|x86
		{9D7B29CD-8205-48E7-A242-DF37D3AF1139}.Debug P3DV4|Any CPU.ActiveCfg = Release|x86
		{9D7B29CD-8205-48E7-A242-DF37D3AF1139}.Debug P3DV4|x86.ActiveCfg = Debug|x86
		{9D7B29CD-8205-48E7-A242-DF37D3AF1139}.Debug P3DV4|x86.Build.0 = Debug|x86
		{9D7B29CD-8205-48E7-A242-DF37D3AF1139}.Debug XPLANE|Any CPU.ActiveCfg = Release|x86
		{9D7B29CD-8205-48E7-A242-DF37D3AF1139}.Debug XPLANE|x86.ActiveCfg = Debug|x86
		{9D7B29CD-8205-48E7-A242-DF37D3AF1139}.Debug XPLANE|x86.Build.0 = Debug|x86
		{9D7B29CD-8205-48E7-A242-DF37D3AF1139}.Release FS2020|Any CPU.ActiveCfg = Release|x86
		{9D7B29CD-8205-48E7-A242-DF37D3AF1139}.Release FS2020|x86.ActiveCfg = Release|x86
		{9D7B29CD-8205-48E7-A242-DF37D3AF1139}.Release FS2020|x86.Build.0 = Release|x86
		{9D7B29CD-8205-48E7-A242-DF37D3AF1139}.Release FSX|Any CPU.ActiveCfg = Release|x86
		{9D7B29CD-8205-48E7-A242-DF37D3AF1139}.Release FSX|x86.ActiveCfg = Release|x86
		{9D7B29CD-8205-48E7-A242-DF37D3AF1139}.Release FSX|x86.Build.0 = Release|x86
		{9D7B29CD-8205-48E7-A242-DF37D3AF1139}.Release P3DV4|Any CPU.ActiveCfg = Release|x86
		{9D7B29CD-8205-48E7-A242-DF37D3AF1139}.Release P3DV4|Any CPU.Build.0 = Release|x86
		{9D7B29CD-8205-48E7-A242-DF37D3AF1139}.Release P3DV4|x86.ActiveCfg = Release|x86
		{9D7B29CD-8205-48E7-A242-DF37D3AF1139}.Release P3DV4|x86.Build.0 = Release|x86
		{9D7B29CD-8205-48E7-A242-DF37D3AF1139}.Release XPLANE|Any CPU.ActiveCfg = Release|x86
		{9D7B29CD-8205-48E7-A242-DF37D3AF1139}.Release XPLANE|x86.ActiveCfg = Release|x86
		{9D7B29CD-8205-48E7-A242-DF37D3AF1139}.Release XPLANE|x86.Build.0 = Release|x86
	EndGlobalSection
	GlobalSection(SolutionProperties) = preSolution
		HideSolutionNode = FALSE
	EndGlobalSection
	GlobalSection(ExtensibilityGlobals) = postSolution
		SolutionGuid = {84B3925E-4100-48C8-80BE-B214CC0421C8}
	EndGlobalSection
EndGlobal
